
Microsoft Visual Studio Solution File, Format Version 12.00
# Visual Studio Version 17
VisualStudioVersion = 17.7.34031.279
MinimumVisualStudioVersion = 10.0.40219.1
Project("{8BC9CEB8-8B4A-11D0-8D11-00A0C91BC942}") = "PDS_10", "PDS_10\PDS_10.vcxproj", "{22A1B33D-5326-4DBE-9E21-53B9ECC81586}"
EndProject
Project("{8BC9CEB8-8B4A-11D0-8D11-00A0C91BC942}") = "UnitTest1", "UnitTest1\UnitTest1.vcxproj", "{60C2EAB0-820F-4B39-B65F-F6167AA6334C}"
EndProject
Global
	GlobalSection(SolutionConfigurationPlatforms) = preSolution
		Debug|x64 = Debug|x64
		Debug|x86 = Debug|x86
		Release|x64 = Release|x64
		Release|x86 = Release|x86
	EndGlobalSection
	GlobalSection(ProjectConfigurationPlatforms) = postSolution
		{22A1B33D-5326-4DBE-9E21-53B9ECC81586}.Debug|x64.ActiveCfg = Debug|x64
		{22A1B33D-5326-4DBE-9E21-53B9ECC81586}.Debug|x64.Build.0 = Debug|x64
		{22A1B33D-5326-4DBE-9E21-53B9ECC81586}.Debug|x86.ActiveCfg = Debug|Win32
		{22A1B33D-5326-4DBE-9E21-53B9ECC81586}.Debug|x86.Build.0 = Debug|Win32
		{22A1B33D-5326-4DBE-9E21-53B9ECC81586}.Release|x64.ActiveCfg = Release|x64
		{22A1B33D-5326-4DBE-9E21-53B9ECC81586}.Release|x64.Build.0 = Release|x64
		{22A1B33D-5326-4DBE-9E21-53B9ECC81586}.Release|x86.ActiveCfg = Release|Win32
		{22A1B33D-5326-4DBE-9E21-53B9ECC81586}.Release|x86.Build.0 = Release|Win32
		{60C2EAB0-820F-4B39-B65F-F6167AA6334C}.Debug|x64.ActiveCfg = Debug|x64
		{60C2EAB0-820F-4B39-B65F-F6167AA6334C}.Debug|x64.Build.0 = Debug|x64
		{60C2EAB0-820F-4B39-B65F-F6167AA6334C}.Debug|x86.ActiveCfg = Debug|Win32
		{60C2EAB0-820F-4B39-B65F-F6167AA6334C}.Debug|x86.Build.0 = Debug|Win32
		{60C2EAB0-820F-4B39-B65F-F6167AA6334C}.Release|x64.ActiveCfg = Release|x64
		{60C2EAB0-820F-4B39-B65F-F6167AA6334C}.Release|x64.Build.0 = Release|x64
		{60C2EAB0-820F-4B39-B65F-F6167AA6334C}.Release|x86.ActiveCfg = Release|Win32
		{60C2EAB0-820F-4B39-B65F-F6167AA6334C}.Release|x86.Build.0 = Release|Win32
	EndGlobalSection
	GlobalSection(SolutionProperties) = preSolution
		HideSolutionNode = FALSE
	EndGlobalSection
	GlobalSection(ExtensibilityGlobals) = postSolution
		SolutionGuid = {C7B1F9A4-D7B9-47A2-9A6A-805935E64275}
	EndGlobalSection
EndGlobal
